
Microsoft Visual Studio Solution File, Format Version 12.00
# Visual Studio 15
VisualStudioVersion = 15.0.26124.0
MinimumVisualStudioVersion = 15.0.26124.0
Project("{FAE04EC0-301F-11D3-BF4B-00C04F79EFBC}") = "puzzle-logic", "puzzle-logic\puzzle-logic.csproj", "{A87A2426-50B6-4ED7-9E29-85BCF00B1690}"
EndProject
Project("{FAE04EC0-301F-11D3-BF4B-00C04F79EFBC}") = "web", "web\web.csproj", "{BB300139-398C-431B-BE37-5F71A55DBF2C}"
EndProject
Project("{FAE04EC0-301F-11D3-BF4B-00C04F79EFBC}") = "console", "console\console.csproj", "{67960AB2-1E65-417C-9A3E-AB1CA0C2EAE0}"
EndProject
Global
	GlobalSection(SolutionConfigurationPlatforms) = preSolution
		Debug|Any CPU = Debug|Any CPU
		Debug|x64 = Debug|x64
		Debug|x86 = Debug|x86
		Release|Any CPU = Release|Any CPU
		Release|x64 = Release|x64
		Release|x86 = Release|x86
	EndGlobalSection
	GlobalSection(SolutionProperties) = preSolution
		HideSolutionNode = FALSE
	EndGlobalSection
	GlobalSection(ProjectConfigurationPlatforms) = postSolution
		{A87A2426-50B6-4ED7-9E29-85BCF00B1690}.Debug|Any CPU.ActiveCfg = Debug|Any CPU
		{A87A2426-50B6-4ED7-9E29-85BCF00B1690}.Debug|Any CPU.Build.0 = Debug|Any CPU
		{A87A2426-50B6-4ED7-9E29-85BCF00B1690}.Debug|x64.ActiveCfg = Debug|Any CPU
		{A87A2426-50B6-4ED7-9E29-85BCF00B1690}.Debug|x64.Build.0 = Debug|Any CPU
		{A87A2426-50B6-4ED7-9E29-85BCF00B1690}.Debug|x86.ActiveCfg = Debug|Any CPU
		{A87A2426-50B6-4ED7-9E29-85BCF00B1690}.Debug|x86.Build.0 = Debug|Any CPU
		{A87A2426-50B6-4ED7-9E29-85BCF00B1690}.Release|Any CPU.ActiveCfg = Release|Any CPU
		{A87A2426-50B6-4ED7-9E29-85BCF00B1690}.Release|Any CPU.Build.0 = Release|Any CPU
		{A87A2426-50B6-4ED7-9E29-85BCF00B1690}.Release|x64.ActiveCfg = Release|Any CPU
		{A87A2426-50B6-4ED7-9E29-85BCF00B1690}.Release|x64.Build.0 = Release|Any CPU
		{A87A2426-50B6-4ED7-9E29-85BCF00B1690}.Release|x86.ActiveCfg = Release|Any CPU
		{A87A2426-50B6-4ED7-9E29-85BCF00B1690}.Release|x86.Build.0 = Release|Any CPU
		{BB300139-398C-431B-BE37-5F71A55DBF2C}.Debug|Any CPU.ActiveCfg = Debug|Any CPU
		{BB300139-398C-431B-BE37-5F71A55DBF2C}.Debug|Any CPU.Build.0 = Debug|Any CPU
		{BB300139-398C-431B-BE37-5F71A55DBF2C}.Debug|x64.ActiveCfg = Debug|Any CPU
		{BB300139-398C-431B-BE37-5F71A55DBF2C}.Debug|x64.Build.0 = Debug|Any CPU
		{BB300139-398C-431B-BE37-5F71A55DBF2C}.Debug|x86.ActiveCfg = Debug|Any CPU
		{BB300139-398C-431B-BE37-5F71A55DBF2C}.Debug|x86.Build.0 = Debug|Any CPU
		{BB300139-398C-431B-BE37-5F71A55DBF2C}.Release|Any CPU.ActiveCfg = Release|Any CPU
		{BB300139-398C-431B-BE37-5F71A55DBF2C}.Release|Any CPU.Build.0 = Release|Any CPU
		{BB300139-398C-431B-BE37-5F71A55DBF2C}.Release|x64.ActiveCfg = Release|Any CPU
		{BB300139-398C-431B-BE37-5F71A55DBF2C}.Release|x64.Build.0 = Release|Any CPU
		{BB300139-398C-431B-BE37-5F71A55DBF2C}.Release|x86.ActiveCfg = Release|Any CPU
		{BB300139-398C-431B-BE37-5F71A55DBF2C}.Release|x86.Build.0 = Release|Any CPU
		{67960AB2-1E65-417C-9A3E-AB1CA0C2EAE0}.Debug|Any CPU.ActiveCfg = Debug|Any CPU
		{67960AB2-1E65-417C-9A3E-AB1CA0C2EAE0}.Debug|Any CPU.Build.0 = Debug|Any CPU
		{67960AB2-1E65-417C-9A3E-AB1CA0C2EAE0}.Debug|x64.ActiveCfg = Debug|Any CPU
		{67960AB2-1E65-417C-9A3E-AB1CA0C2EAE0}.Debug|x64.Build.0 = Debug|Any CPU
		{67960AB2-1E65-417C-9A3E-AB1CA0C2EAE0}.Debug|x86.ActiveCfg = Debug|Any CPU
		{67960AB2-1E65-417C-9A3E-AB1CA0C2EAE0}.Debug|x86.Build.0 = Debug|Any CPU
		{67960AB2-1E65-417C-9A3E-AB1CA0C2EAE0}.Release|Any CPU.ActiveCfg = Release|Any CPU
		{67960AB2-1E65-417C-9A3E-AB1CA0C2EAE0}.Release|Any CPU.Build.0 = Release|Any CPU
		{67960AB2-1E65-417C-9A3E-AB1CA0C2EAE0}.Release|x64.ActiveCfg = Release|Any CPU
		{67960AB2-1E65-417C-9A3E-AB1CA0C2EAE0}.Release|x64.Build.0 = Release|Any CPU
		{67960AB2-1E65-417C-9A3E-AB1CA0C2EAE0}.Release|x86.ActiveCfg = Release|Any CPU
		{67960AB2-1E65-417C-9A3E-AB1CA0C2EAE0}.Release|x86.Build.0 = Release|Any CPU
	EndGlobalSection
EndGlobal
